{
  "name": "cypress",
  "version": "1.0.0",
  "lockfileVersion": 1,
  "requires": true,
  "dependencies": {
    "@faker-js/faker": {
      "version": "8.0.1",
      "resolved": "https://registry.npmjs.org/@faker-js/faker/-/faker-8.0.1.tgz",
      "integrity": "sha512-kbh5MenpTN9U0B4QcOI1NoTPlZHniSYQ3BHbhAnPjJGAmmFqxoxTE4sGdpy7ZOO9038DPGCuhXyMkjOr05uVwA==",
      "dev": true
    }
  }
}
